{
	"name": "hellofn",
	"version": "1.0.0",
	"lockfileVersion": 1,
	"requires": true,
	"dependencies": {
		"@fnproject/fdk": {
			"version": "0.0.15",
			"resolved": "https://registry.npmjs.org/@fnproject/fdk/-/fdk-0.0.15.tgz",
			"integrity": "sha512-tNsbmo7IHwxYV0GRFW0naI+pBxVWqUT8oC6hWkwRXLFk/F+YO4KAe7gNgcTSeQsZ+I6R48GblrneYfqLWhKbhQ=="
		}
	}
}
